
Microsoft Visual Studio Solution File, Format Version 12.00
# Visual Studio 15
VisualStudioVersion = 15.0.26124.0
MinimumVisualStudioVersion = 15.0.26124.0
Project("{FAE04EC0-301F-11D3-BF4B-00C04F79EFBC}") = "Locadora.webapi", "Locadora.webapi\Locadora.webapi.csproj", "{9370BF4D-39AC-4764-86CA-1A07B0814E0C}"
EndProject
Project("{FAE04EC0-301F-11D3-BF4B-00C04F79EFBC}") = "Locadora.Repository", "Locadora.Repository\Locadora.Repository.csproj", "{C6A44F6D-A0D6-4E97-A5EE-C10BF6A8BAFF}"
EndProject
Project("{FAE04EC0-301F-11D3-BF4B-00C04F79EFBC}") = "Locadora.Domain", "Locadora.Domain\Locadora.Domain.csproj", "{FDF032E3-B2C9-4D2E-AB85-9090DD871AD0}"
EndProject
Global
	GlobalSection(SolutionConfigurationPlatforms) = preSolution
		Debug|Any CPU = Debug|Any CPU
		Debug|x64 = Debug|x64
		Debug|x86 = Debug|x86
		Release|Any CPU = Release|Any CPU
		Release|x64 = Release|x64
		Release|x86 = Release|x86
	EndGlobalSection
	GlobalSection(SolutionProperties) = preSolution
		HideSolutionNode = FALSE
	EndGlobalSection
	GlobalSection(ProjectConfigurationPlatforms) = postSolution
		{9370BF4D-39AC-4764-86CA-1A07B0814E0C}.Debug|Any CPU.ActiveCfg = Debug|Any CPU
		{9370BF4D-39AC-4764-86CA-1A07B0814E0C}.Debug|Any CPU.Build.0 = Debug|Any CPU
		{9370BF4D-39AC-4764-86CA-1A07B0814E0C}.Debug|x64.ActiveCfg = Debug|Any CPU
		{9370BF4D-39AC-4764-86CA-1A07B0814E0C}.Debug|x64.Build.0 = Debug|Any CPU
		{9370BF4D-39AC-4764-86CA-1A07B0814E0C}.Debug|x86.ActiveCfg = Debug|Any CPU
		{9370BF4D-39AC-4764-86CA-1A07B0814E0C}.Debug|x86.Build.0 = Debug|Any CPU
		{9370BF4D-39AC-4764-86CA-1A07B0814E0C}.Release|Any CPU.ActiveCfg = Release|Any CPU
		{9370BF4D-39AC-4764-86CA-1A07B0814E0C}.Release|Any CPU.Build.0 = Release|Any CPU
		{9370BF4D-39AC-4764-86CA-1A07B0814E0C}.Release|x64.ActiveCfg = Release|Any CPU
		{9370BF4D-39AC-4764-86CA-1A07B0814E0C}.Release|x64.Build.0 = Release|Any CPU
		{9370BF4D-39AC-4764-86CA-1A07B0814E0C}.Release|x86.ActiveCfg = Release|Any CPU
		{9370BF4D-39AC-4764-86CA-1A07B0814E0C}.Release|x86.Build.0 = Release|Any CPU
		{C6A44F6D-A0D6-4E97-A5EE-C10BF6A8BAFF}.Debug|Any CPU.ActiveCfg = Debug|Any CPU
		{C6A44F6D-A0D6-4E97-A5EE-C10BF6A8BAFF}.Debug|Any CPU.Build.0 = Debug|Any CPU
		{C6A44F6D-A0D6-4E97-A5EE-C10BF6A8BAFF}.Debug|x64.ActiveCfg = Debug|Any CPU
		{C6A44F6D-A0D6-4E97-A5EE-C10BF6A8BAFF}.Debug|x64.Build.0 = Debug|Any CPU
		{C6A44F6D-A0D6-4E97-A5EE-C10BF6A8BAFF}.Debug|x86.ActiveCfg = Debug|Any CPU
		{C6A44F6D-A0D6-4E97-A5EE-C10BF6A8BAFF}.Debug|x86.Build.0 = Debug|Any CPU
		{C6A44F6D-A0D6-4E97-A5EE-C10BF6A8BAFF}.Release|Any CPU.ActiveCfg = Release|Any CPU
		{C6A44F6D-A0D6-4E97-A5EE-C10BF6A8BAFF}.Release|Any CPU.Build.0 = Release|Any CPU
		{C6A44F6D-A0D6-4E97-A5EE-C10BF6A8BAFF}.Release|x64.ActiveCfg = Release|Any CPU
		{C6A44F6D-A0D6-4E97-A5EE-C10BF6A8BAFF}.Release|x64.Build.0 = Release|Any CPU
		{C6A44F6D-A0D6-4E97-A5EE-C10BF6A8BAFF}.Release|x86.ActiveCfg = Release|Any CPU
		{C6A44F6D-A0D6-4E97-A5EE-C10BF6A8BAFF}.Release|x86.Build.0 = Release|Any CPU
		{FDF032E3-B2C9-4D2E-AB85-9090DD871AD0}.Debug|Any CPU.ActiveCfg = Debug|Any CPU
		{FDF032E3-B2C9-4D2E-AB85-9090DD871AD0}.Debug|Any CPU.Build.0 = Debug|Any CPU
		{FDF032E3-B2C9-4D2E-AB85-9090DD871AD0}.Debug|x64.ActiveCfg = Debug|Any CPU
		{FDF032E3-B2C9-4D2E-AB85-9090DD871AD0}.Debug|x64.Build.0 = Debug|Any CPU
		{FDF032E3-B2C9-4D2E-AB85-9090DD871AD0}.Debug|x86.ActiveCfg = Debug|Any CPU
		{FDF032E3-B2C9-4D2E-AB85-9090DD871AD0}.Debug|x86.Build.0 = Debug|Any CPU
		{FDF032E3-B2C9-4D2E-AB85-9090DD871AD0}.Release|Any CPU.ActiveCfg = Release|Any CPU
		{FDF032E3-B2C9-4D2E-AB85-9090DD871AD0}.Release|Any CPU.Build.0 = Release|Any CPU
		{FDF032E3-B2C9-4D2E-AB85-9090DD871AD0}.Release|x64.ActiveCfg = Release|Any CPU
		{FDF032E3-B2C9-4D2E-AB85-9090DD871AD0}.Release|x64.Build.0 = Release|Any CPU
		{FDF032E3-B2C9-4D2E-AB85-9090DD871AD0}.Release|x86.ActiveCfg = Release|Any CPU
		{FDF032E3-B2C9-4D2E-AB85-9090DD871AD0}.Release|x86.Build.0 = Release|Any CPU
	EndGlobalSection
EndGlobal
